
Microsoft Visual Studio Solution File, Format Version 12.00
# Visual Studio Version 17
VisualStudioVersion = 17.6.33801.468
MinimumVisualStudioVersion = 10.0.40219.1
Project("{FAE04EC0-301F-11D3-BF4B-00C04F79EFBC}") = "GameDemo", "GameDemo\GameDemo.csproj", "{19DAE2D3-67E0-4A83-B43C-E2FE02878FEE}"
EndProject
Global
	GlobalSection(SolutionConfigurationPlatforms) = preSolution
		Debug|Any CPU = Debug|Any CPU
		Release|Any CPU = Release|Any CPU
	EndGlobalSection
	GlobalSection(ProjectConfigurationPlatforms) = postSolution
		{19DAE2D3-67E0-4A83-B43C-E2FE02878FEE}.Debug|Any CPU.ActiveCfg = Debug|Any CPU
		{19DAE2D3-67E0-4A83-B43C-E2FE02878FEE}.Debug|Any CPU.Build.0 = Debug|Any CPU
		{19DAE2D3-67E0-4A83-B43C-E2FE02878FEE}.Release|Any CPU.ActiveCfg = Release|Any CPU
		{19DAE2D3-67E0-4A83-B43C-E2FE02878FEE}.Release|Any CPU.Build.0 = Release|Any CPU
	EndGlobalSection
	GlobalSection(SolutionProperties) = preSolution
		HideSolutionNode = FALSE
	EndGlobalSection
	GlobalSection(ExtensibilityGlobals) = postSolution
		SolutionGuid = {B55E2E76-011B-44CE-92B9-3598EAF4A933}
	EndGlobalSection
EndGlobal
